
Microsoft Visual Studio Solution File, Format Version 12.00
Project("{FAE04EC0-301F-11D3-BF4B-00C04F79EFBC}") = "MusicAppBase", "MusicAppBase\MusicAppBase.csproj", "{B66D6C93-DFE9-4DE2-A972-D67170458B2E}"
EndProject
Global
	GlobalSection(SolutionConfigurationPlatforms) = preSolution
		Debug|Any CPU = Debug|Any CPU
		Release|Any CPU = Release|Any CPU
	EndGlobalSection
	GlobalSection(ProjectConfigurationPlatforms) = postSolution
		{B66D6C93-DFE9-4DE2-A972-D67170458B2E}.Debug|Any CPU.ActiveCfg = Debug|Any CPU
		{B66D6C93-DFE9-4DE2-A972-D67170458B2E}.Debug|Any CPU.Build.0 = Debug|Any CPU
		{B66D6C93-DFE9-4DE2-A972-D67170458B2E}.Release|Any CPU.ActiveCfg = Release|Any CPU
		{B66D6C93-DFE9-4DE2-A972-D67170458B2E}.Release|Any CPU.Build.0 = Release|Any CPU
	EndGlobalSection
EndGlobal
