
Microsoft Visual Studio Solution File, Format Version 12.00
Project("{FAE04EC0-301F-11D3-BF4B-00C04F79EFBC}") = "Tax-pattern", "Tax-pattern\Tax-pattern.csproj", "{2185AD6A-6AE3-4F3D-81F3-5172C0C3B9C2}"
EndProject
Project("{FAE04EC0-301F-11D3-BF4B-00C04F79EFBC}") = "Tax-without", "Tax-without\Tax-without.csproj", "{6E27D172-CEE9-4822-B934-03649725C605}"
EndProject
Project("{FAE04EC0-301F-11D3-BF4B-00C04F79EFBC}") = "Tax-delegate", "Tax-delegate\Tax-delegate.csproj", "{552A1F03-F9E3-47D6-9351-0AD6525DCBBD}"
EndProject
Global
	GlobalSection(SolutionConfigurationPlatforms) = preSolution
		Debug|Any CPU = Debug|Any CPU
		Release|Any CPU = Release|Any CPU
	EndGlobalSection
	GlobalSection(ProjectConfigurationPlatforms) = postSolution
		{2185AD6A-6AE3-4F3D-81F3-5172C0C3B9C2}.Debug|Any CPU.ActiveCfg = Debug|Any CPU
		{2185AD6A-6AE3-4F3D-81F3-5172C0C3B9C2}.Debug|Any CPU.Build.0 = Debug|Any CPU
		{2185AD6A-6AE3-4F3D-81F3-5172C0C3B9C2}.Release|Any CPU.ActiveCfg = Release|Any CPU
		{2185AD6A-6AE3-4F3D-81F3-5172C0C3B9C2}.Release|Any CPU.Build.0 = Release|Any CPU
		{6E27D172-CEE9-4822-B934-03649725C605}.Debug|Any CPU.ActiveCfg = Debug|Any CPU
		{6E27D172-CEE9-4822-B934-03649725C605}.Debug|Any CPU.Build.0 = Debug|Any CPU
		{6E27D172-CEE9-4822-B934-03649725C605}.Release|Any CPU.ActiveCfg = Release|Any CPU
		{6E27D172-CEE9-4822-B934-03649725C605}.Release|Any CPU.Build.0 = Release|Any CPU
		{552A1F03-F9E3-47D6-9351-0AD6525DCBBD}.Debug|Any CPU.ActiveCfg = Debug|Any CPU
		{552A1F03-F9E3-47D6-9351-0AD6525DCBBD}.Debug|Any CPU.Build.0 = Debug|Any CPU
		{552A1F03-F9E3-47D6-9351-0AD6525DCBBD}.Release|Any CPU.ActiveCfg = Release|Any CPU
		{552A1F03-F9E3-47D6-9351-0AD6525DCBBD}.Release|Any CPU.Build.0 = Release|Any CPU
	EndGlobalSection
EndGlobal
